
Microsoft Visual Studio Solution File, Format Version 12.00
# Visual Studio 15
VisualStudioVersion = 15.0.26228.9
MinimumVisualStudioVersion = 10.0.40219.1
Project("{FAE04EC0-301F-11D3-BF4B-00C04F79EFBC}") = "ChatApp", "ChatApp\ChatApp.csproj", "{F3971EE7-EC79-461B-9633-7D48A887B10B}"
EndProject
Global
	GlobalSection(SolutionConfigurationPlatforms) = preSolution
		Debug|Any CPU = Debug|Any CPU
		Release|Any CPU = Release|Any CPU
	EndGlobalSection
	GlobalSection(ProjectConfigurationPlatforms) = postSolution
		{F3971EE7-EC79-461B-9633-7D48A887B10B}.Debug|Any CPU.ActiveCfg = Debug|Any CPU
		{F3971EE7-EC79-461B-9633-7D48A887B10B}.Debug|Any CPU.Build.0 = Debug|Any CPU
		{F3971EE7-EC79-461B-9633-7D48A887B10B}.Release|Any CPU.ActiveCfg = Release|Any CPU
		{F3971EE7-EC79-461B-9633-7D48A887B10B}.Release|Any CPU.Build.0 = Release|Any CPU
	EndGlobalSection
	GlobalSection(SolutionProperties) = preSolution
		HideSolutionNode = FALSE
	EndGlobalSection
	GlobalSection(ExtensibilityGlobals) = postSolution
		SolutionGuid = {0618947F-AC39-4606-A3D1-0ABA3674B041}
	EndGlobalSection
EndGlobal
